
Microsoft Visual Studio Solution File, Format Version 12.00
# Visual Studio Version 17
VisualStudioVersion = 17.14.36518.9
MinimumVisualStudioVersion = 10.0.40219.1
Project("{8BC9CEB8-8B4A-11D0-8D11-00A0C91BC942}") = "CLearning", "GrammarLearning.vcxproj", "{32DE18D6-4209-4E79-AE4B-BEF671C48CC6}"
EndProject
Project("{8BC9CEB8-8B4A-11D0-8D11-00A0C91BC942}") = "输出字符菱形", "..\输出字符菱形\输出字符菱形.vcxproj", "{85C24AC8-2F72-480D-B69C-0E4EBEE621A8}"
EndProject
Project("{8BC9CEB8-8B4A-11D0-8D11-00A0C91BC942}") = "P1000 超级玛丽游戏", "..\P1000 超级玛丽游戏\P1000 超级玛丽游戏.vcxproj", "{9CF77F88-21FA-479C-82EA-DF10077C02E7}"
EndProject
Project("{8BC9CEB8-8B4A-11D0-8D11-00A0C91BC942}") = "P1001 A+B Problem", "..\P1001 A+B Problem\P1001 A+B Problem.vcxproj", "{0B59ACB1-4DDE-47E1-969F-93993F6D0C23}"
EndProject
Project("{8BC9CEB8-8B4A-11D0-8D11-00A0C91BC942}") = "B2005 字符三角形", "..\B2005 字符三角形\B2005 字符三角形.vcxproj", "{9F31DC8E-4AB5-445D-9CBE-A703A2DC1A06}"
EndProject
Project("{8BC9CEB8-8B4A-11D0-8D11-00A0C91BC942}") = "P3954 [NOIP 2017 普及组] 成绩", "..\P3954 [NOIP 2017 普及组] 成绩\P3954 [NOIP 2017 普及组] 成绩.vcxproj", "{24F43A4B-DC81-49CC-8C62-3DBA8EA49999}"
EndProject
Project("{8BC9CEB8-8B4A-11D0-8D11-00A0C91BC942}") = "P1055 [NOIP 2008 普及组] ISBN 号码", "..\P1055 [NOIP 2008 普及组] ISBN 号码\P1055 [NOIP 2008 普及组] ISBN 号码.vcxproj", "{1C074213-D133-4F07-8D79-A6B0A791530C}"
EndProject
Project("{8BC9CEB8-8B4A-11D0-8D11-00A0C91BC942}") = "循环结构", "..\循环结构\循环结构.vcxproj", "{D33719F7-2AA2-48C9-845D-0F896C3892A5}"
EndProject
Global
	GlobalSection(SolutionConfigurationPlatforms) = preSolution
		Debug|x64 = Debug|x64
		Debug|x86 = Debug|x86
		Release|x64 = Release|x64
		Release|x86 = Release|x86
	EndGlobalSection
	GlobalSection(ProjectConfigurationPlatforms) = postSolution
		{32DE18D6-4209-4E79-AE4B-BEF671C48CC6}.Debug|x64.ActiveCfg = Debug|x64
		{32DE18D6-4209-4E79-AE4B-BEF671C48CC6}.Debug|x64.Build.0 = Debug|x64
		{32DE18D6-4209-4E79-AE4B-BEF671C48CC6}.Debug|x86.ActiveCfg = Debug|Win32
		{32DE18D6-4209-4E79-AE4B-BEF671C48CC6}.Debug|x86.Build.0 = Debug|Win32
		{32DE18D6-4209-4E79-AE4B-BEF671C48CC6}.Release|x64.ActiveCfg = Release|x64
		{32DE18D6-4209-4E79-AE4B-BEF671C48CC6}.Release|x64.Build.0 = Release|x64
		{32DE18D6-4209-4E79-AE4B-BEF671C48CC6}.Release|x86.ActiveCfg = Release|Win32
		{32DE18D6-4209-4E79-AE4B-BEF671C48CC6}.Release|x86.Build.0 = Release|Win32
		{85C24AC8-2F72-480D-B69C-0E4EBEE621A8}.Debug|x64.ActiveCfg = Debug|x64
		{85C24AC8-2F72-480D-B69C-0E4EBEE621A8}.Debug|x64.Build.0 = Debug|x64
		{85C24AC8-2F72-480D-B69C-0E4EBEE621A8}.Debug|x86.ActiveCfg = Debug|Win32
		{85C24AC8-2F72-480D-B69C-0E4EBEE621A8}.Debug|x86.Build.0 = Debug|Win32
		{85C24AC8-2F72-480D-B69C-0E4EBEE621A8}.Release|x64.ActiveCfg = Release|x64
		{85C24AC8-2F72-480D-B69C-0E4EBEE621A8}.Release|x64.Build.0 = Release|x64
		{85C24AC8-2F72-480D-B69C-0E4EBEE621A8}.Release|x86.ActiveCfg = Release|Win32
		{85C24AC8-2F72-480D-B69C-0E4EBEE621A8}.Release|x86.Build.0 = Release|Win32
		{9CF77F88-21FA-479C-82EA-DF10077C02E7}.Debug|x64.ActiveCfg = Debug|x64
		{9CF77F88-21FA-479C-82EA-DF10077C02E7}.Debug|x64.Build.0 = Debug|x64
		{9CF77F88-21FA-479C-82EA-DF10077C02E7}.Debug|x86.ActiveCfg = Debug|Win32
		{9CF77F88-21FA-479C-82EA-DF10077C02E7}.Debug|x86.Build.0 = Debug|Win32
		{9CF77F88-21FA-479C-82EA-DF10077C02E7}.Release|x64.ActiveCfg = Release|x64
		{9CF77F88-21FA-479C-82EA-DF10077C02E7}.Release|x64.Build.0 = Release|x64
		{9CF77F88-21FA-479C-82EA-DF10077C02E7}.Release|x86.ActiveCfg = Release|Win32
		{9CF77F88-21FA-479C-82EA-DF10077C02E7}.Release|x86.Build.0 = Release|Win32
		{0B59ACB1-4DDE-47E1-969F-93993F6D0C23}.Debug|x64.ActiveCfg = Debug|x64
		{0B59ACB1-4DDE-47E1-969F-93993F6D0C23}.Debug|x64.Build.0 = Debug|x64
		{0B59ACB1-4DDE-47E1-969F-93993F6D0C23}.Debug|x86.ActiveCfg = Debug|Win32
		{0B59ACB1-4DDE-47E1-969F-93993F6D0C23}.Debug|x86.Build.0 = Debug|Win32
		{0B59ACB1-4DDE-47E1-969F-93993F6D0C23}.Release|x64.ActiveCfg = Release|x64
		{0B59ACB1-4DDE-47E1-969F-93993F6D0C23}.Release|x64.Build.0 = Release|x64
		{0B59ACB1-4DDE-47E1-969F-93993F6D0C23}.Release|x86.ActiveCfg = Release|Win32
		{0B59ACB1-4DDE-47E1-969F-93993F6D0C23}.Release|x86.Build.0 = Release|Win32
		{9F31DC8E-4AB5-445D-9CBE-A703A2DC1A06}.Debug|x64.ActiveCfg = Debug|x64
		{9F31DC8E-4AB5-445D-9CBE-A703A2DC1A06}.Debug|x64.Build.0 = Debug|x64
		{9F31DC8E-4AB5-445D-9CBE-A703A2DC1A06}.Debug|x86.ActiveCfg = Debug|Win32
		{9F31DC8E-4AB5-445D-9CBE-A703A2DC1A06}.Debug|x86.Build.0 = Debug|Win32
		{9F31DC8E-4AB5-445D-9CBE-A703A2DC1A06}.Release|x64.ActiveCfg = Release|x64
		{9F31DC8E-4AB5-445D-9CBE-A703A2DC1A06}.Release|x64.Build.0 = Release|x64
		{9F31DC8E-4AB5-445D-9CBE-A703A2DC1A06}.Release|x86.ActiveCfg = Release|Win32
		{9F31DC8E-4AB5-445D-9CBE-A703A2DC1A06}.Release|x86.Build.0 = Release|Win32
		{24F43A4B-DC81-49CC-8C62-3DBA8EA49999}.Debug|x64.ActiveCfg = Debug|x64
		{24F43A4B-DC81-49CC-8C62-3DBA8EA49999}.Debug|x64.Build.0 = Debug|x64
		{24F43A4B-DC81-49CC-8C62-3DBA8EA49999}.Debug|x86.ActiveCfg = Debug|Win32
		{24F43A4B-DC81-49CC-8C62-3DBA8EA49999}.Debug|x86.Build.0 = Debug|Win32
		{24F43A4B-DC81-49CC-8C62-3DBA8EA49999}.Release|x64.ActiveCfg = Release|x64
		{24F43A4B-DC81-49CC-8C62-3DBA8EA49999}.Release|x64.Build.0 = Release|x64
		{24F43A4B-DC81-49CC-8C62-3DBA8EA49999}.Release|x86.ActiveCfg = Release|Win32
		{24F43A4B-DC81-49CC-8C62-3DBA8EA49999}.Release|x86.Build.0 = Release|Win32
		{1C074213-D133-4F07-8D79-A6B0A791530C}.Debug|x64.ActiveCfg = Debug|x64
		{1C074213-D133-4F07-8D79-A6B0A791530C}.Debug|x64.Build.0 = Debug|x64
		{1C074213-D133-4F07-8D79-A6B0A791530C}.Debug|x86.ActiveCfg = Debug|Win32
		{1C074213-D133-4F07-8D79-A6B0A791530C}.Debug|x86.Build.0 = Debug|Win32
		{1C074213-D133-4F07-8D79-A6B0A791530C}.Release|x64.ActiveCfg = Release|x64
		{1C074213-D133-4F07-8D79-A6B0A791530C}.Release|x64.Build.0 = Release|x64
		{1C074213-D133-4F07-8D79-A6B0A791530C}.Release|x86.ActiveCfg = Release|Win32
		{1C074213-D133-4F07-8D79-A6B0A791530C}.Release|x86.Build.0 = Release|Win32
		{D33719F7-2AA2-48C9-845D-0F896C3892A5}.Debug|x64.ActiveCfg = Debug|x64
		{D33719F7-2AA2-48C9-845D-0F896C3892A5}.Debug|x64.Build.0 = Debug|x64
		{D33719F7-2AA2-48C9-845D-0F896C3892A5}.Debug|x86.ActiveCfg = Debug|Win32
		{D33719F7-2AA2-48C9-845D-0F896C3892A5}.Debug|x86.Build.0 = Debug|Win32
		{D33719F7-2AA2-48C9-845D-0F896C3892A5}.Release|x64.ActiveCfg = Release|x64
		{D33719F7-2AA2-48C9-845D-0F896C3892A5}.Release|x64.Build.0 = Release|x64
		{D33719F7-2AA2-48C9-845D-0F896C3892A5}.Release|x86.ActiveCfg = Release|Win32
		{D33719F7-2AA2-48C9-845D-0F896C3892A5}.Release|x86.Build.0 = Release|Win32
	EndGlobalSection
	GlobalSection(SolutionProperties) = preSolution
		HideSolutionNode = FALSE
	EndGlobalSection
	GlobalSection(ExtensibilityGlobals) = postSolution
		SolutionGuid = {5FAE19D5-BB2C-40EA-9C3F-91D4469534ED}
	EndGlobalSection
EndGlobal
